
Microsoft Visual Studio Solution File, Format Version 12.00
# Visual Studio 15
VisualStudioVersion = 15.0.27703.2000
MinimumVisualStudioVersion = 10.0.40219.1
Project("{8BC9CEB8-8B4A-11D0-8D11-00A0C91BC942}") = "Lab_11", "Lab_11\Lab_11.vcxproj", "{E504FB45-F6B6-4925-81C6-519DC378A12C}"
EndProject
Global
	GlobalSection(SolutionConfigurationPlatforms) = preSolution
		Debug|x64 = Debug|x64
		Debug|x86 = Debug|x86
		Release|x64 = Release|x64
		Release|x86 = Release|x86
	EndGlobalSection
	GlobalSection(ProjectConfigurationPlatforms) = postSolution
		{E504FB45-F6B6-4925-81C6-519DC378A12C}.Debug|x64.ActiveCfg = Debug|x64
		{E504FB45-F6B6-4925-81C6-519DC378A12C}.Debug|x64.Build.0 = Debug|x64
		{E504FB45-F6B6-4925-81C6-519DC378A12C}.Debug|x86.ActiveCfg = Debug|Win32
		{E504FB45-F6B6-4925-81C6-519DC378A12C}.Debug|x86.Build.0 = Debug|Win32
		{E504FB45-F6B6-4925-81C6-519DC378A12C}.Release|x64.ActiveCfg = Release|x64
		{E504FB45-F6B6-4925-81C6-519DC378A12C}.Release|x64.Build.0 = Release|x64
		{E504FB45-F6B6-4925-81C6-519DC378A12C}.Release|x86.ActiveCfg = Release|Win32
		{E504FB45-F6B6-4925-81C6-519DC378A12C}.Release|x86.Build.0 = Release|Win32
	EndGlobalSection
	GlobalSection(SolutionProperties) = preSolution
		HideSolutionNode = FALSE
	EndGlobalSection
	GlobalSection(ExtensibilityGlobals) = postSolution
		SolutionGuid = {8BF48E98-CC6C-4535-AFE7-1CB5D0B9A4F0}
	EndGlobalSection
EndGlobal
